
Microsoft Visual Studio Solution File, Format Version 12.00
# Visual Studio Version 17
VisualStudioVersion = 17.10.35122.118
MinimumVisualStudioVersion = 10.0.40219.1
Project("{FAE04EC0-301F-11D3-BF4B-00C04F79EFBC}") = "ListaLigada.UI.Consola", "ListaLigada.UI.Consola\ListaLigada.UI.Consola.csproj", "{0A43F1EE-DE9C-4C78-A3DC-B71F96000662}"
EndProject
Project("{FAE04EC0-301F-11D3-BF4B-00C04F79EFBC}") = "ListaLigada.Logica", "ListaLigada.Logica\ListaLigada.Logica.csproj", "{754D67C6-65BA-49E0-8F9B-6EA79293EE91}"
EndProject
Global
	GlobalSection(SolutionConfigurationPlatforms) = preSolution
		Debug|Any CPU = Debug|Any CPU
		Release|Any CPU = Release|Any CPU
	EndGlobalSection
	GlobalSection(ProjectConfigurationPlatforms) = postSolution
		{0A43F1EE-DE9C-4C78-A3DC-B71F96000662}.Debug|Any CPU.ActiveCfg = Debug|Any CPU
		{0A43F1EE-DE9C-4C78-A3DC-B71F96000662}.Debug|Any CPU.Build.0 = Debug|Any CPU
		{0A43F1EE-DE9C-4C78-A3DC-B71F96000662}.Release|Any CPU.ActiveCfg = Release|Any CPU
		{0A43F1EE-DE9C-4C78-A3DC-B71F96000662}.Release|Any CPU.Build.0 = Release|Any CPU
		{754D67C6-65BA-49E0-8F9B-6EA79293EE91}.Debug|Any CPU.ActiveCfg = Debug|Any CPU
		{754D67C6-65BA-49E0-8F9B-6EA79293EE91}.Debug|Any CPU.Build.0 = Debug|Any CPU
		{754D67C6-65BA-49E0-8F9B-6EA79293EE91}.Release|Any CPU.ActiveCfg = Release|Any CPU
		{754D67C6-65BA-49E0-8F9B-6EA79293EE91}.Release|Any CPU.Build.0 = Release|Any CPU
	EndGlobalSection
	GlobalSection(SolutionProperties) = preSolution
		HideSolutionNode = FALSE
	EndGlobalSection
	GlobalSection(ExtensibilityGlobals) = postSolution
		SolutionGuid = {89EF2091-E95F-4B3E-AEF8-6D3A8769B699}
	EndGlobalSection
EndGlobal
